# This file is automatically @generated by Cargo.
# It is not intended for manual editing.
version = 4

[[package]]
name = "bitflags"
version = "1.3.2"
source = "registry+https://github.com/rust-lang/crates.io-index"
checksum = "bef38d45163c2f1dde094a7dfd33ccf595c92905c8f8f4fdc18d06fb1037718a"

[[package]]
name = "libc"
version = "0.2.186"
source = "registry+https://github.com/rust-lang/crates.io-index"
checksum = "68ab91017fe16c622486840e4c83c9a37afeff978bd239b5293d61ece587de66"

[[package]]
name = "pam_kpxcd"
version = "0.1.0"
dependencies = [
 "libc",
 "pamsm",
]

[[package]]
name = "pamsm"
version = "0.5.5"
source = "registry+https://github.com/rust-lang/crates.io-index"
checksum = "aad7ddca63c73e80eb4ace88e130c9b513da6ec1284becd9fc1fc385a9a72a64"
dependencies = [
 "bitflags",
]
